
Microsoft Visual Studio Solution File, Format Version 12.00
# Visual Studio Version 17
VisualStudioVersion = 17.10.35013.160
MinimumVisualStudioVersion = 10.0.40219.1
Project("{FAE04EC0-301F-11D3-BF4B-00C04F79EFBC}") = "Innvotion", "Innvotion.csproj", "{38CF2425-A7D1-4103-8734-B99CC31A316C}"
EndProject
Global
	GlobalSection(SolutionConfigurationPlatforms) = preSolution
		Debug|Any CPU = Debug|Any CPU
		Release|Any CPU = Release|Any CPU
	EndGlobalSection
	GlobalSection(ProjectConfigurationPlatforms) = postSolution
		{38CF2425-A7D1-4103-8734-B99CC31A316C}.Debug|Any CPU.ActiveCfg = Debug|Any CPU
		{38CF2425-A7D1-4103-8734-B99CC31A316C}.Debug|Any CPU.Build.0 = Debug|Any CPU
		{38CF2425-A7D1-4103-8734-B99CC31A316C}.Release|Any CPU.ActiveCfg = Release|Any CPU
		{38CF2425-A7D1-4103-8734-B99CC31A316C}.Release|Any CPU.Build.0 = Release|Any CPU
	EndGlobalSection
	GlobalSection(SolutionProperties) = preSolution
		HideSolutionNode = FALSE
	EndGlobalSection
	GlobalSection(ExtensibilityGlobals) = postSolution
		SolutionGuid = {AF2D22CF-779A-446F-B592-3861D6D43C36}
	EndGlobalSection
EndGlobal
